{
    __meta__ = {
        version = "1.0"
    },
    mopk = {
        repo = {
            commit = "d44101ba77baded1af4c4607529ca04048a147f4",
            url = "https://github.com/gabriel-andreescu/ModOrganizerPluginKit"
        },
        version = "0.2.0"
    },
    ["xmake-luals"] = {
        repo = {
            commit = "5a38f3c10d9674c36f981f28b2326c7de5f0717e",
            url = "https://github.com/gabriel-andreescu/xmake-luals.git"
        },
        version = "0.1.1"
    }
}